{
  "name": "cds",
  "lockfileVersion": 3,
  "requires": true,
  "packages": {
    "": {
      "dependencies": {
        "@sap/cds-lsp": "^7.0.0"
      }
    },
    "node_modules/@sap/cds-lsp": {
      "version": "7.0.0",
      "resolved": "https://registry.npmjs.org/@sap/cds-lsp/-/cds-lsp-7.0.0.tgz",
      "integrity": "sha512-dkor3ZYU+G/rldT4L6jNi3VMKO56zzYC0Pgou8h4PmXQe7+KR2IXyFURQXjSbR1dfufzOnDpwesvKQF3VMVXaQ==",
      "hasShrinkwrap": true,
      "dependencies": {
        "@sap/cds-compiler": "4.0.0",
        "ignore": "5.2.4",
        "json-source-map": "0.6.1",
        "remark": "13.0.0",
        "remark-gfm": "1.0.0",
        "tiny-typed-emitter": "2.1.0",
        "vscode-languageserver": "8.1.0",
        "vscode-languageserver-protocol": "3.17.3",
        "vscode-languageserver-textdocument": "1.0.8"
      },
      "bin": {
        "cds-lsp": "dist/main.js",
        "format-cds": "scripts/formatCli.js"
      },
      "engines": {
        "node": ">=16.11.1"
      }
    },
    "node_modules/@sap/cds-lsp/node_modules/@sap/cds-compiler": {
      "version": "4.0.0",
      "dependencies": {
        "antlr4": "4.9.3"
      },
      "bin": {
        "cdsc": "bin/cdsc.js",
        "cdshi": "bin/cdshi.js",
        "cdsse": "bin/cdsse.js"
      },
      "engines": {
        "node": ">=16"
      }
    },
    "node_modules/@sap/cds-lsp/node_modules/@types/mdast": {
      "version": "3.0.11",
      "dependencies": {
        "@types/unist": "*"
      }
    },
    "node_modules/@sap/cds-lsp/node_modules/@types/unist": {
      "version": "2.0.6"
    },
    "node_modules/@sap/cds-lsp/node_modules/antlr4": {
      "version": "4.9.3",
      "engines": {
        "node": ">=14"
      }
    },
    "node_modules/@sap/cds-lsp/node_modules/bail": {
      "version": "1.0.5"
    },
    "node_modules/@sap/cds-lsp/node_modules/ccount": {
      "version": "1.1.0"
    },
    "node_modules/@sap/cds-lsp/node_modules/character-entities": {
      "version": "1.2.4"
    },
    "node_modules/@sap/cds-lsp/node_modules/character-entities-legacy": {
      "version": "1.1.4"
    },
    "node_modules/@sap/cds-lsp/node_modules/character-reference-invalid": {
      "version": "1.1.4"
    },
    "node_modules/@sap/cds-lsp/node_modules/debug": {
      "version": "4.3.4",
      "dependencies": {
        "ms": "2.1.2"
      },
      "engines": {
        "node": ">=6.0"
      },
      "peerDependenciesMeta": {
        "supports-color": {
          "optional": true
        }
      }
    },
    "node_modules/@sap/cds-lsp/node_modules/escape-string-regexp": {
      "version": "4.0.0",
      "engines": {
        "node": ">=10"
      }
    },
    "node_modules/@sap/cds-lsp/node_modules/extend": {
      "version": "3.0.2"
    },
    "node_modules/@sap/cds-lsp/node_modules/ignore": {
      "version": "5.2.4",
      "engines": {
        "node": ">= 4"
      }
    },
    "node_modules/@sap/cds-lsp/node_modules/is-alphabetical": {
      "version": "1.0.4"
    },
    "node_modules/@sap/cds-lsp/node_modules/is-alphanumerical": {
      "version": "1.0.4",
      "dependencies": {
        "is-alphabetical": "^1.0.0",
        "is-decimal": "^1.0.0"
      }
    },
    "node_modules/@sap/cds-lsp/node_modules/is-buffer": {
      "version": "2.0.5",
      "engines": {
        "node": ">=4"
      }
    },
    "node_modules/@sap/cds-lsp/node_modules/is-decimal": {
      "version": "1.0.4"
    },
    "node_modules/@sap/cds-lsp/node_modules/is-hexadecimal": {
      "version": "1.0.4"
    },
    "node_modules/@sap/cds-lsp/node_modules/is-plain-obj": {
      "version": "2.1.0",
      "engines": {
        "node": ">=8"
      }
    },
    "node_modules/@sap/cds-lsp/node_modules/json-source-map": {
      "version": "0.6.1"
    },
    "node_modules/@sap/cds-lsp/node_modules/longest-streak": {
      "version": "2.0.4"
    },
    "node_modules/@sap/cds-lsp/node_modules/markdown-table": {
      "version": "2.0.0",
      "dependencies": {
        "repeat-string": "^1.0.0"
      }
    },
    "node_modules/@sap/cds-lsp/node_modules/mdast-util-find-and-replace": {
      "version": "1.1.1",
      "dependencies": {
        "escape-string-regexp": "^4.0.0",
        "unist-util-is": "^4.0.0",
        "unist-util-visit-parents": "^3.0.0"
      }
    },
    "node_modules/@sap/cds-lsp/node_modules/mdast-util-from-markdown": {
      "version": "0.8.5",
      "dependencies": {
        "@types/mdast": "^3.0.0",
        "mdast-util-to-string": "^2.0.0",
        "micromark": "~2.11.0",
        "parse-entities": "^2.0.0",
        "unist-util-stringify-position": "^2.0.0"
      }
    },
    "node_modules/@sap/cds-lsp/node_modules/mdast-util-gfm": {
      "version": "0.1.2",
      "dependencies": {
        "mdast-util-gfm-autolink-literal": "^0.1.0",
        "mdast-util-gfm-strikethrough": "^0.2.0",
        "mdast-util-gfm-table": "^0.1.0",
        "mdast-util-gfm-task-list-item": "^0.1.0",
        "mdast-util-to-markdown": "^0.6.1"
      }
    },
    "node_modules/@sap/cds-lsp/node_modules/mdast-util-gfm-autolink-literal": {
      "version": "0.1.3",
      "dependencies": {
        "ccount": "^1.0.0",
        "mdast-util-find-and-replace": "^1.1.0",
        "micromark": "^2.11.3"
      }
    },
    "node_modules/@sap/cds-lsp/node_modules/mdast-util-gfm-strikethrough": {
      "version": "0.2.3",
      "dependencies": {
        "mdast-util-to-markdown": "^0.6.0"
      }
    },
    "node_modules/@sap/cds-lsp/node_modules/mdast-util-gfm-table": {
      "version": "0.1.6",
      "dependencies": {
        "markdown-table": "^2.0.0",
        "mdast-util-to-markdown": "~0.6.0"
      }
    },
    "node_modules/@sap/cds-lsp/node_modules/mdast-util-gfm-task-list-item": {
      "version": "0.1.6",
      "dependencies": {
        "mdast-util-to-markdown": "~0.6.0"
      }
    },
    "node_modules/@sap/cds-lsp/node_modules/mdast-util-to-markdown": {
      "version": "0.6.5",
      "dependencies": {
        "@types/unist": "^2.0.0",
        "longest-streak": "^2.0.0",
        "mdast-util-to-string": "^2.0.0",
        "parse-entities": "^2.0.0",
        "repeat-string": "^1.0.0",
        "zwitch": "^1.0.0"
      }
    },
    "node_modules/@sap/cds-lsp/node_modules/mdast-util-to-string": {
      "version": "2.0.0"
    },
    "node_modules/@sap/cds-lsp/node_modules/micromark": {
      "version": "2.11.4",
      "dependencies": {
        "debug": "^4.0.0",
        "parse-entities": "^2.0.0"
      }
    },
    "node_modules/@sap/cds-lsp/node_modules/micromark-extension-gfm": {
      "version": "0.3.3",
      "dependencies": {
        "micromark": "~2.11.0",
        "micromark-extension-gfm-autolink-literal": "~0.5.0",
        "micromark-extension-gfm-strikethrough": "~0.6.5",
        "micromark-extension-gfm-table": "~0.4.0",
        "micromark-extension-gfm-tagfilter": "~0.3.0",
        "micromark-extension-gfm-task-list-item": "~0.3.0"
      }
    },
    "node_modules/@sap/cds-lsp/node_modules/micromark-extension-gfm-autolink-literal": {
      "version": "0.5.7",
      "dependencies": {
        "micromark": "~2.11.3"
      }
    },
    "node_modules/@sap/cds-lsp/node_modules/micromark-extension-gfm-strikethrough": {
      "version": "0.6.5",
      "dependencies": {
        "micromark": "~2.11.0"
      }
    },
    "node_modules/@sap/cds-lsp/node_modules/micromark-extension-gfm-table": {
      "version": "0.4.3",
      "dependencies": {
        "micromark": "~2.11.0"
      }
    },
    "node_modules/@sap/cds-lsp/node_modules/micromark-extension-gfm-tagfilter": {
      "version": "0.3.0"
    },
    "node_modules/@sap/cds-lsp/node_modules/micromark-extension-gfm-task-list-item": {
      "version": "0.3.3",
      "dependencies": {
        "micromark": "~2.11.0"
      }
    },
    "node_modules/@sap/cds-lsp/node_modules/ms": {
      "version": "2.1.2"
    },
    "node_modules/@sap/cds-lsp/node_modules/parse-entities": {
      "version": "2.0.0",
      "dependencies": {
        "character-entities": "^1.0.0",
        "character-entities-legacy": "^1.0.0",
        "character-reference-invalid": "^1.0.0",
        "is-alphanumerical": "^1.0.0",
        "is-decimal": "^1.0.0",
        "is-hexadecimal": "^1.0.0"
      }
    },
    "node_modules/@sap/cds-lsp/node_modules/remark": {
      "version": "13.0.0",
      "dependencies": {
        "remark-parse": "^9.0.0",
        "remark-stringify": "^9.0.0",
        "unified": "^9.1.0"
      }
    },
    "node_modules/@sap/cds-lsp/node_modules/remark-gfm": {
      "version": "1.0.0",
      "dependencies": {
        "mdast-util-gfm": "^0.1.0",
        "micromark-extension-gfm": "^0.3.0"
      }
    },
    "node_modules/@sap/cds-lsp/node_modules/remark-parse": {
      "version": "9.0.0",
      "dependencies": {
        "mdast-util-from-markdown": "^0.8.0"
      }
    },
    "node_modules/@sap/cds-lsp/node_modules/remark-stringify": {
      "version": "9.0.1",
      "dependencies": {
        "mdast-util-to-markdown": "^0.6.0"
      }
    },
    "node_modules/@sap/cds-lsp/node_modules/repeat-string": {
      "version": "1.6.1",
      "engines": {
        "node": ">=0.10"
      }
    },
    "node_modules/@sap/cds-lsp/node_modules/tiny-typed-emitter": {
      "version": "2.1.0"
    },
    "node_modules/@sap/cds-lsp/node_modules/trough": {
      "version": "1.0.5"
    },
    "node_modules/@sap/cds-lsp/node_modules/unified": {
      "version": "9.2.2",
      "dependencies": {
        "bail": "^1.0.0",
        "extend": "^3.0.0",
        "is-buffer": "^2.0.0",
        "is-plain-obj": "^2.0.0",
        "trough": "^1.0.0",
        "vfile": "^4.0.0"
      }
    },
    "node_modules/@sap/cds-lsp/node_modules/unist-util-is": {
      "version": "4.1.0"
    },
    "node_modules/@sap/cds-lsp/node_modules/unist-util-stringify-position": {
      "version": "2.0.3",
      "dependencies": {
        "@types/unist": "^2.0.2"
      }
    },
    "node_modules/@sap/cds-lsp/node_modules/unist-util-visit-parents": {
      "version": "3.1.1",
      "dependencies": {
        "@types/unist": "^2.0.0",
        "unist-util-is": "^4.0.0"
      }
    },
    "node_modules/@sap/cds-lsp/node_modules/vfile": {
      "version": "4.2.1",
      "dependencies": {
        "@types/unist": "^2.0.0",
        "is-buffer": "^2.0.0",
        "unist-util-stringify-position": "^2.0.0",
        "vfile-message": "^2.0.0"
      }
    },
    "node_modules/@sap/cds-lsp/node_modules/vfile-message": {
      "version": "2.0.4",
      "dependencies": {
        "@types/unist": "^2.0.0",
        "unist-util-stringify-position": "^2.0.0"
      }
    },
    "node_modules/@sap/cds-lsp/node_modules/vscode-jsonrpc": {
      "version": "8.1.0",
      "engines": {
        "node": ">=14.0.0"
      }
    },
    "node_modules/@sap/cds-lsp/node_modules/vscode-languageserver": {
      "version": "8.1.0",
      "dependencies": {
        "vscode-languageserver-protocol": "3.17.3"
      },
      "bin": {
        "installServerIntoExtension": "bin/installServerIntoExtension"
      }
    },
    "node_modules/@sap/cds-lsp/node_modules/vscode-languageserver-protocol": {
      "version": "3.17.3",
      "dependencies": {
        "vscode-jsonrpc": "8.1.0",
        "vscode-languageserver-types": "3.17.3"
      }
    },
    "node_modules/@sap/cds-lsp/node_modules/vscode-languageserver-textdocument": {
      "version": "1.0.8"
    },
    "node_modules/@sap/cds-lsp/node_modules/vscode-languageserver-types": {
      "version": "3.17.3"
    },
    "node_modules/@sap/cds-lsp/node_modules/zwitch": {
      "version": "1.0.5"
    }
  }
}
